[[package]]
name = 'core'
source = 'path+from-root-4947D78C815C1154'
dependencies = []

[[package]]
name = 'evm'
source = 'root'
dependencies = [
    'library evm_test_abi',
    'library std',
]

[[package]]
name = 'evm_test_abi'
source = 'path+from-root-4947D78C815C1154'
dependencies = ['library std']

[[package]]
name = 'std'
source = 'path+from-root-4947D78C815C1154'
dependencies = ['library core']
