[[package]]
name = 'core'
source = 'path+from-root-B0CAE5E4D7DDF437'
dependencies = []
contract_dependencies = []

[[package]]
name = 'dependency_patching'
source = 'root'
dependencies = ['std']
contract_dependencies = []

[[package]]
name = 'std'
source = 'path+from-root-B0CAE5E4D7DDF437'
dependencies = ['core']
contract_dependencies = []
