[[package]]
name = 'abi_with_tuples'
source = 'path+from-root-A94357F7D125B65F'
dependencies = ['core']

[[package]]
name = 'call_abi_with_tuples'
source = 'root'
dependencies = [
    'abi_with_tuples',
    'std',
]

[[package]]
name = 'core'
source = 'path+from-root-A94357F7D125B65F'

[[package]]
name = 'std'
source = 'path+from-root-A94357F7D125B65F'
dependencies = ['core']
