[[package]]
name = "asset_ops_test"
source = "member"
dependencies = [
    "std",
    "test_fuel_coin_abi",
]

[[package]]
name = "core"
source = "path+from-root-3DE343EF6AF0A806"

[[package]]
name = "std"
source = "path+from-root-3DE343EF6AF0A806"
dependencies = ["core"]

[[package]]
name = "test_fuel_coin_abi"
source = "path+from-root-3DE343EF6AF0A806"
dependencies = ["std"]
