[[package]]
name = 'core'
source = 'path+from-root-54F92B42A645EA2B'
dependencies = []

[[package]]
name = 'std'
source = 'git+https://github.com/fuellabs/sway?tag=v0.24.5#e695606d8884a18664f6231681333a784e623bc9'
dependencies = ['core']

[[package]]
name = 'struct_shorthand'
source = 'root'
dependencies = ['std']
