[[package]]
name = 'core'
source = 'path+from-root-BA7DA646BFFC59D3'
dependencies = []
contract_dependencies = []

[[package]]
name = 'std'
source = 'path+from-root-BA7DA646BFFC59D3'
dependencies = ['core']
contract_dependencies = []

[[package]]
name = 'svec_enum'
source = 'root'
dependencies = ['std']
contract_dependencies = []
