[[package]]
name = 'core'
source = 'path+from-root-4E0A145611975FB2'
dependencies = []

[[package]]
name = 'storage_in_library_abi'
source = 'path+from-root-4E0A145611975FB2'
dependencies = ['core']

[[package]]
name = 'storage_in_library_contract'
source = 'root'
dependencies = ['storage_in_library_abi']
