[[package]]
name = 'core'
source = 'path+from-root-C52D55288A4557F3'
dependencies = []

[[package]]
name = 'match_expressions_inside_generic_functions'
source = 'root'
dependencies = ['library std']

[[package]]
name = 'std'
source = 'path+from-root-C52D55288A4557F3'
dependencies = ['library core']
