[[package]]
name = 'core'
source = 'path+from-root-8E8009A1AAF68612'
dependencies = []
contract_dependencies = []

[[package]]
name = 'multiple_impl'
source = 'root'
dependencies = ['std']
contract_dependencies = []

[[package]]
name = 'std'
source = 'path+from-root-8E8009A1AAF68612'
dependencies = ['core']
contract_dependencies = []
