[[package]]
name = 'core'
source = 'path+from-root-7A6EE51863736987'
dependencies = []
contract_dependencies = []

[[package]]
name = 'std'
source = 'path+from-root-7A6EE51863736987'
dependencies = ['core']
contract_dependencies = []

[[package]]
name = 'u128_div_test_pass'
source = 'root'
dependencies = ['std']
contract_dependencies = []
