[[package]]
name = "core"
source = "path+from-root-5D7E0F723A156D2B"

[[package]]
name = "run_external_proxy"
source = "member"
dependencies = ["std"]

[[package]]
name = "run_external_target"
source = "member"
dependencies = ["std"]

[[package]]
name = "std"
source = "path+from-root-5D7E0F723A156D2B"
dependencies = ["core"]
