[[package]]
name = 'basic_storage'
source = 'root'
dependencies = [
    'library basic_storage_abi',
    'library std',
]

[[package]]
name = 'basic_storage_abi'
source = 'path+from-root-E723F3A4C3992EF1'
dependencies = ['library core']

[[package]]
name = 'core'
source = 'path+from-root-E723F3A4C3992EF1'
dependencies = []

[[package]]
name = 'std'
source = 'path+from-root-E723F3A4C3992EF1'
dependencies = ['library core']
