[[package]]
name = 'basic_storage'
source = 'root'
dependencies = [
    'basic_storage_abi',
    'std',
]

[[package]]
name = 'basic_storage_abi'
source = 'path+from-root-E723F3A4C3992EF1'
dependencies = ['core']

[[package]]
name = 'core'
source = 'path+from-root-E723F3A4C3992EF1'

[[package]]
name = 'std'
source = 'path+from-root-E723F3A4C3992EF1'
dependencies = ['core']
