[[package]]
name = 'core'
source = 'path+from-root-112F6FFCFCECE066'
dependencies = []
contract_dependencies = []

[[package]]
name = 'std'
source = 'path+from-root-112F6FFCFCECE066'
dependencies = ['core']
contract_dependencies = []

[[package]]
name = 'svec_bool'
source = 'root'
dependencies = ['std']
contract_dependencies = []
