[[package]]
name = 'auth_caller_contract'
source = 'root'
dependencies = [
    'library auth_testing_abi',
    'library std',
]

[[package]]
name = 'auth_testing_abi'
source = 'path+from-root-A1F9585323389F4F'
dependencies = ['library std']

[[package]]
name = 'core'
source = 'path+from-root-A1F9585323389F4F'
dependencies = []

[[package]]
name = 'std'
source = 'path+from-root-A1F9585323389F4F'
dependencies = ['library core']
