[[package]]
name = 'auth_caller_contract'
source = 'root'
dependencies = [
    'auth_testing_abi',
    'std',
]

[[package]]
name = 'auth_testing_abi'
source = 'path+from-root-A1F9585323389F4F'
dependencies = ['std']

[[package]]
name = 'core'
source = 'path+from-root-A1F9585323389F4F'

[[package]]
name = 'std'
source = 'path+from-root-A1F9585323389F4F'
dependencies = ['core']
