[[package]]
name = "address_inline_tests"
source = "member"
dependencies = ["std"]

[[package]]
name = "alloc_inline_tests"
source = "member"
dependencies = ["std"]

[[package]]
name = "array_conversions_b256_inline_tests"
source = "member"
dependencies = ["std"]

[[package]]
name = "array_conversions_u16_inline_tests"
source = "member"
dependencies = ["std"]

[[package]]
name = "array_conversions_u256_inline_tests"
source = "member"
dependencies = ["std"]

[[package]]
name = "array_conversions_u32_inline_tests"
source = "member"
dependencies = ["std"]

[[package]]
name = "array_conversions_u64_inline_tests"
source = "member"
dependencies = ["std"]

[[package]]
name = "assert_inline_tests"
source = "member"
dependencies = ["std"]

[[package]]
name = "asset_id_contract_tests"
source = "member"
dependencies = ["std"]

[[package]]
name = "asset_id_inline_tests"
source = "member"
dependencies = ["std"]

[[package]]
name = "b512_inline_tests"
source = "member"
dependencies = ["std"]

[[package]]
name = "block_inline_tests"
source = "member"
dependencies = ["std"]

[[package]]
name = "bytes_conversions_b256_inline_tests"
source = "member"
dependencies = ["std"]

[[package]]
name = "bytes_conversions_u16_inline_tests"
source = "member"
dependencies = ["std"]

[[package]]
name = "bytes_conversions_u256_inline_tests"
source = "member"
dependencies = ["std"]

[[package]]
name = "bytes_conversions_u32_inline_tests"
source = "member"
dependencies = ["std"]

[[package]]
name = "bytes_conversions_u64_inline_tests"
source = "member"
dependencies = ["std"]

[[package]]
name = "bytes_inline_tests"
source = "member"
dependencies = ["std"]

[[package]]
name = "contract_id_contract_tests"
source = "member"
dependencies = ["std"]

[[package]]
name = "contract_id_inline_tests"
source = "member"
dependencies = ["std"]

[[package]]
name = "core"
source = "path+from-root-0A63F6178D45FC24"

[[package]]
name = "ecr_inline_tests"
source = "member"
dependencies = ["std"]

[[package]]
name = "flags_inline_tests"
source = "member"
dependencies = ["std"]

[[package]]
name = "hash_inline_tests"
source = "member"
dependencies = ["std"]

[[package]]
name = "identity_inline_tests"
source = "member"
dependencies = ["std"]

[[package]]
name = "math_inline_tests"
source = "member"
dependencies = ["std"]

[[package]]
name = "option_inline_tests"
source = "member"
dependencies = ["std"]

[[package]]
name = "primitive_conversions_b256_inline_tests"
source = "member"
dependencies = ["std"]

[[package]]
name = "primitive_conversions_str_inline_tests"
source = "member"
dependencies = ["std"]

[[package]]
name = "primitive_conversions_u16_inline_tests"
source = "member"
dependencies = ["std"]

[[package]]
name = "primitive_conversions_u256_inline_tests"
source = "member"
dependencies = ["std"]

[[package]]
name = "primitive_conversions_u32_inline_tests"
source = "member"
dependencies = ["std"]

[[package]]
name = "primitive_conversions_u64_inline_tests"
source = "member"
dependencies = ["std"]

[[package]]
name = "primitive_conversions_u8_inline_tests"
source = "member"
dependencies = ["std"]

[[package]]
name = "result_inline_tests"
source = "member"
dependencies = ["std"]

[[package]]
name = "revert_inline_tests"
source = "member"
dependencies = ["std"]

[[package]]
name = "std"
source = "path+from-root-0A63F6178D45FC24"
dependencies = ["core"]

[[package]]
name = "string_inline_tests"
source = "member"
dependencies = ["std"]

[[package]]
name = "u128_inline_tests"
source = "member"
dependencies = ["std"]

[[package]]
name = "vec_inline_tests"
source = "member"
dependencies = ["std"]

[[package]]
name = "vm_evm_ecr_inline_tests"
source = "member"
dependencies = ["std"]

[[package]]
name = "vm_evm_evm_address_inline_tests"
source = "member"
dependencies = ["std"]
