[[package]]
name = "contract_with_dep"
source = "member"
dependencies = ["std"]
contract-dependencies = ["standalone_contract (0000000000000000000000000000000000000000000000000000000000000001)"]

[[package]]
name = "core"
source = "path+from-root-9B9D657E3F1FCA11"

[[package]]
name = "standalone_contract"
source = "path+from-root-9B9D657E3F1FCA11"
dependencies = ["std"]

[[package]]
name = "std"
source = "path+from-root-9B9D657E3F1FCA11"
dependencies = ["core"]
