[[package]]
name = 'core'
source = 'path+from-root-C569FB5C26218A1B'
dependencies = []
contract_dependencies = []

[[package]]
name = 'impl_with_semantic_type_constraints'
source = 'root'
dependencies = ['std']
contract_dependencies = []

[[package]]
name = 'std'
source = 'path+from-root-C569FB5C26218A1B'
dependencies = ['core']
contract_dependencies = []
