[[package]]
name = 'core'
source = 'path+from-root-7026AE35110D17EA'
dependencies = []

[[package]]
name = 'std'
source = 'path+from-root-7026AE35110D17EA'
dependencies = ['core']

[[package]]
name = 'storage_in_library_abi'
source = 'path+from-root-7026AE35110D17EA'
dependencies = []

[[package]]
name = 'storage_in_library_caller'
source = 'root'
dependencies = [
    'std',
    'storage_in_library_abi',
]
