[[package]]
name = "contract_b"
source = "member"
dependencies = ["core"]
contract-dependencies = ["contract_c (1111111111111111111111111111111111111111111111111111111111111111)"]

[[package]]
name = "contract_c"
source = "path+from-root-A309856C1410AE80"
dependencies = ["core"]

[[package]]
name = "core"
source = "path+from-root-A309856C1410AE80"
