[[package]]
name = 'core'
source = 'path+from-root-139A28EAD4E475CB'

[[package]]
name = 'parsing_logs'
source = 'member'
dependencies = [
    'parsing_logs_test_abi',
    'std',
]

[[package]]
name = 'parsing_logs_test_abi'
source = 'path+from-root-139A28EAD4E475CB'
dependencies = ['std']

[[package]]
name = 'std'
source = 'path+from-root-139A28EAD4E475CB'
dependencies = ['core']
