[[package]]
name = 'core'
dependencies = []

[[package]]
name = 'hashing'
dependencies = ['std git+https://github.com/fuellabs/sway?tag=v0.10.3#e7676db6f4ebc7a3885f87514d16a703a99410d7']

[[package]]
name = 'std'
source = 'git+https://github.com/fuellabs/sway?tag=v0.10.3#e7676db6f4ebc7a3885f87514d16a703a99410d7'
dependencies = ['core']
