[[package]]
name = 'core'
source = 'path+from-root-43D6EED06DDE4680'
dependencies = []
contract_dependencies = []

[[package]]
name = 'result'
source = 'root'
dependencies = ['std']
contract_dependencies = []

[[package]]
name = 'std'
source = 'path+from-root-43D6EED06DDE4680'
dependencies = ['core']
contract_dependencies = []
