[[package]]
name = 'core'
source = 'path+from-root-E7BBED1900347958'
dependencies = []
contract_dependencies = []

[[package]]
name = 'identity_eq'
source = 'root'
dependencies = ['std']
contract_dependencies = []

[[package]]
name = 'std'
source = 'path+from-root-E7BBED1900347958'
dependencies = ['core']
contract_dependencies = []
