[[package]]
name = "contract_with_types"
source = "member"
dependencies = ["std"]

[[package]]
name = "core"
source = "path+from-root-7053AAA90CC5E690"

[[package]]
name = "std"
source = "git+https://github.com/fuellabs/sway?tag=v0.66.2#31486c0b47669612acb7c64d66ecb50aea281282"
dependencies = ["core"]
