[[package]]
name = 'core'
source = 'path+from-root-E1D1F5F82094B853'
dependencies = []
contract_dependencies = []

[[package]]
name = 'match_expressions_rest'
source = 'root'
dependencies = [
    'core',
    'std',
]
contract_dependencies = []

[[package]]
name = 'std'
source = 'path+from-root-E1D1F5F82094B853'
dependencies = ['core']
contract_dependencies = []
