[[package]]
name = 'contract_multi_test'
source = 'member'
dependencies = ['std']

[[package]]
name = 'core'
source = 'path+from-root-28E4A5A6A7E567F7'

[[package]]
name = 'lib_multi_test'
source = 'member'
dependencies = ['std']

[[package]]
name = 'script_multi_test'
source = 'member'
dependencies = ['std']

[[package]]
name = 'std'
source = 'path+from-root-28E4A5A6A7E567F7'
dependencies = ['core']
