[[package]]
name = 'core'
source = 'git+http://github.com/FuelLabs/sway-lib-core?reference=master#30274cf817c1848e28f984c2e8703eb25e7a3a44'
dependencies = []

[[package]]
name = 'core'
source = 'git+https://github.com/FuelLabs/sway-lib-core?reference=master#30274cf817c1848e28f984c2e8703eb25e7a3a44'
dependencies = []

[[package]]
name = 'counter'
dependencies = [
    'core git+http://github.com/FuelLabs/sway-lib-core?reference=master#30274cf817c1848e28f984c2e8703eb25e7a3a44',
    'std git+http://github.com/FuelLabs/sway-lib-std?reference=master#6a8f5bf588df5d0679fb834f05c900f2e54de426',
]

[[package]]
name = 'std'
source = 'git+http://github.com/FuelLabs/sway-lib-std?reference=master#6a8f5bf588df5d0679fb834f05c900f2e54de426'
dependencies = ['core git+https://github.com/FuelLabs/sway-lib-core?reference=master#30274cf817c1848e28f984c2e8703eb25e7a3a44']
