[[package]]
name = 'core'
source = 'path+from-root-70323834FF9E0867'
dependencies = []
contract_dependencies = []

[[package]]
name = 'enum_if_let'
source = 'root'
dependencies = [
    'core',
    'std',
]
contract_dependencies = []

[[package]]
name = 'std'
source = 'path+from-root-70323834FF9E0867'
dependencies = ['core']
contract_dependencies = []
