[[package]]
name = 'core'
source = 'path+from-root-D5DDAB0633863C0B'
dependencies = []
contract_dependencies = []

[[package]]
name = 'primitive_type_argument'
source = 'root'
dependencies = ['std']
contract_dependencies = []

[[package]]
name = 'std'
source = 'path+from-root-D5DDAB0633863C0B'
dependencies = ['core']
contract_dependencies = []
