[[package]]
name = 'core'
source = 'path+from-root-89DFACC7FCC0773C'
dependencies = []
contract_dependencies = []

[[package]]
name = 'intrinsics'
source = 'root'
dependencies = ['std']
contract_dependencies = []

[[package]]
name = 'std'
source = 'path+from-root-89DFACC7FCC0773C'
dependencies = ['core']
contract_dependencies = []
