[[package]]
name = 'context_caller_contract'
source = 'root'
dependencies = [
    'context_testing_abi',
    'std',
]

[[package]]
name = 'context_testing_abi'
source = 'path+from-root-1CAC8651C9045C85'
dependencies = ['std']

[[package]]
name = 'core'
source = 'path+from-root-1CAC8651C9045C85'

[[package]]
name = 'std'
source = 'path+from-root-1CAC8651C9045C85'
dependencies = ['core']
