[[package]]
name = 'break_and_continue'
source = 'root'
dependencies = ['std']
contract_dependencies = []

[[package]]
name = 'core'
source = 'path+from-root-8D1D783DB6BEC173'
dependencies = []
contract_dependencies = []

[[package]]
name = 'std'
source = 'path+from-root-8D1D783DB6BEC173'
dependencies = ['core']
contract_dependencies = []
