[[package]]
name = 'core'
source = 'path+from-root-85350A31A47B8419'
dependencies = []

[[package]]
name = 'find_associated_methods_contract'
source = 'root'
dependencies = [
    'find_associated_methods_library',
    'std',
]

[[package]]
name = 'find_associated_methods_library'
source = 'path+from-root-85350A31A47B8419'
dependencies = []

[[package]]
name = 'std'
source = 'path+from-root-85350A31A47B8419'
dependencies = ['core']
