[[package]]
name = 'core'
source = 'path+from-root-025C6DF1C548A897'
dependencies = []
contract_dependencies = []

[[package]]
name = 'predicate_data_struct'
source = 'root'
dependencies = ['std']
contract_dependencies = []

[[package]]
name = 'std'
source = 'path+from-root-025C6DF1C548A897'
dependencies = ['core']
contract_dependencies = []
