[[package]]
name = 'balance_test_abi'
source = 'path+from-root-58C52EDC3AE3855E'
dependencies = ['library core']

[[package]]
name = 'balance_test_contract'
source = 'root'
dependencies = [
    'library balance_test_abi',
    'library std',
]

[[package]]
name = 'core'
source = 'path+from-root-58C52EDC3AE3855E'
dependencies = []

[[package]]
name = 'std'
source = 'path+from-root-58C52EDC3AE3855E'
dependencies = ['library core']
