[[package]]
name = 'core'
source = 'path+from-root-0F087E91A69F7F7A'

[[package]]
name = 'lib_vec_test'
source = 'path+from-root-0F087E91A69F7F7A'
dependencies = [
    'core',
    'std',
]

[[package]]
name = 'std'
source = 'path+from-root-0F087E91A69F7F7A'
dependencies = ['core']

[[package]]
name = 'vec_u8'
source = 'member'
dependencies = [
    'core',
    'lib_vec_test',
    'std',
]
