[[package]]
name = 'contract_a'
source = 'member'
dependencies = ['std']
contract-dependencies = [
    '(0000000000000000000000000000000000000000000000000000000000000000) contract_c',
    '(1111111111111111111111111111111111111111111111111111111111111111) contract_b',
]

[[package]]
name = 'contract_b'
source = 'path+from-root-C28B6153CE3E3FEB'
contract-dependencies = ['(0000000000000000000000000000000000000000000000000000000000000000) contract_c']

[[package]]
name = 'contract_c'
source = 'path+from-root-C28B6153CE3E3FEB'

[[package]]
name = 'core'
source = 'path+from-root-C28B6153CE3E3FEB'

[[package]]
name = 'std'
source = 'path+from-root-C28B6153CE3E3FEB'
dependencies = ['core']
