[[package]]
name = 'core'
source = 'path+from-root-7F8340D0C491D223'
dependencies = []
contract_dependencies = []

[[package]]
name = 'std'
source = 'path+from-root-7F8340D0C491D223'
dependencies = ['core']
contract_dependencies = []

[[package]]
name = 'unary_not_basic_2'
source = 'root'
dependencies = ['std']
contract_dependencies = []
