[[package]]
name = 'core'
source = 'path+from-root-B3844A485BCDB5F7'
dependencies = []

[[package]]
name = 'get_storage_key_abi'
source = 'path+from-root-B3844A485BCDB5F7'
dependencies = []

[[package]]
name = 'get_storage_key_caller'
source = 'root'
dependencies = [
    'library get_storage_key_abi',
    'library std',
]

[[package]]
name = 'std'
source = 'path+from-root-B3844A485BCDB5F7'
dependencies = ['library core']
