[[package]]
name = 'core'
source = 'path+from-root-FD754B2040634C6F'

[[package]]
name = 'lib_vec_test'
source = 'path+from-root-FD754B2040634C6F'
dependencies = [
    'core',
    'std',
]

[[package]]
name = 'std'
source = 'path+from-root-FD754B2040634C6F'
dependencies = ['core']

[[package]]
name = 'vec_b256'
source = 'member'
dependencies = [
    'core',
    'lib_vec_test',
    'std',
]
