[[package]]
name = 'core'
source = 'path+from-root-9C06B0D6D7552849'

[[package]]
name = 'std'
source = 'path+from-root-9C06B0D6D7552849'
dependencies = ['core']

[[package]]
name = 'wallet_abi'
source = 'path+from-root-9C06B0D6D7552849'
dependencies = ['std']

[[package]]
name = 'wallet_contract_caller_script'
source = 'member'
dependencies = [
    'std',
    'wallet_abi',
]
