[[package]]
name = 'core'
source = 'path+from-root-6EFBB843E0F64456'
dependencies = []

[[package]]
name = 'reentrancy_attacker_abi'
source = 'path+from-root-6EFBB843E0F64456'
dependencies = ['library std']

[[package]]
name = 'reentrancy_attacker_contract'
source = 'root'
dependencies = [
    'library reentrancy_attacker_abi',
    'library reentrancy_target_abi',
    'library std',
]

[[package]]
name = 'reentrancy_target_abi'
source = 'path+from-root-6EFBB843E0F64456'
dependencies = ['library std']

[[package]]
name = 'std'
source = 'path+from-root-6EFBB843E0F64456'
dependencies = ['library core']
