[[package]]
name = 'core'
source = 'path+from-root-6EFBB843E0F64456'
dependencies = []
contract_dependencies = []

[[package]]
name = 'reentrancy_attacker_abi'
source = 'path+from-root-6EFBB843E0F64456'
dependencies = ['std']
contract_dependencies = []

[[package]]
name = 'reentrancy_attacker_contract'
source = 'root'
dependencies = [
    'reentrancy_attacker_abi',
    'reentrancy_target_abi',
    'std',
]
contract_dependencies = []

[[package]]
name = 'reentrancy_target_abi'
source = 'path+from-root-6EFBB843E0F64456'
dependencies = ['std']
contract_dependencies = []

[[package]]
name = 'std'
source = 'path+from-root-6EFBB843E0F64456'
dependencies = ['core']
contract_dependencies = []
