[[package]]
name = "abi_with_tuples"
source = "path+from-root-382FED6391B53E08"
dependencies = ["std path+from-root-382FED6391B53E08"]

[[package]]
name = "abi_with_tuples_contract"
source = "member"
dependencies = [
    "abi_with_tuples",
    "std path+from-root-382FED6391B53E08",
]

[[package]]
name = "std"
source = "path+from-root-382FED6391B53E08"
