[[package]]
name = 'core'
source = 'path+from-root-7D510AAC4A67C807'
dependencies = []

[[package]]
name = 'std'
source = 'path+from-root-7D510AAC4A67C807'
dependencies = ['library core']

[[package]]
name = 'test_fuel_coin_abi'
source = 'path+from-root-7D510AAC4A67C807'
dependencies = ['library std']

[[package]]
name = 'token_ops_test'
source = 'root'
dependencies = [
    'library std',
    'library test_fuel_coin_abi',
]
