[[package]]
name = 'core'
source = 'path+from-root-E22D083410030709'
dependencies = []
contract_dependencies = []

[[package]]
name = 'std'
source = 'path+from-root-E22D083410030709'
dependencies = ['core']
contract_dependencies = []

[[package]]
name = 'tuple_single_element'
source = 'root'
dependencies = ['std']
contract_dependencies = []
