[[package]]
name = 'core'
source = 'path+from-root-F53252C7DB7025EE'

[[package]]
name = 'reentrancy_attacker_abi'
source = 'path+from-root-F53252C7DB7025EE'
dependencies = ['std']

[[package]]
name = 'reentrancy_target_abi'
source = 'path+from-root-F53252C7DB7025EE'
dependencies = ['std']

[[package]]
name = 'reentrancy_target_contract'
source = 'root'
dependencies = [
    'reentrancy_attacker_abi',
    'reentrancy_target_abi',
    'std',
]

[[package]]
name = 'std'
source = 'path+from-root-F53252C7DB7025EE'
dependencies = ['core']
