[[package]]
name = 'core'
source = 'path+from-root-AC1F77B55CB45700'
dependencies = []
contract_dependencies = []

[[package]]
name = 'nested_struct_args_abi'
source = 'path+from-root-AC1F77B55CB45700'
dependencies = ['core']
contract_dependencies = []

[[package]]
name = 'nested_struct_args_contract'
source = 'root'
dependencies = [
    'nested_struct_args_abi',
    'std',
]
contract_dependencies = []

[[package]]
name = 'std'
source = 'path+from-root-AC1F77B55CB45700'
dependencies = ['core']
contract_dependencies = []
