[[package]]
name = 'array_dynamic_oob'
source = 'root'
dependencies = ['std']

[[package]]
name = 'core'
source = 'path+from-root-A06C4963AA38181F'
dependencies = []

[[package]]
name = 'std'
source = 'git+https://github.com/fuellabs/sway?tag=v0.15.2#eab07e48bc6dbd0c80aedc1e363bb63a6d5f0e28'
dependencies = ['core']
