[[package]]
name = 'block'
source = 'root'
dependencies = [
    'library block_test_abi',
    'library std',
]

[[package]]
name = 'block_test_abi'
source = 'path+from-root-9A6BFB98DBD0352C'
dependencies = ['library std']

[[package]]
name = 'core'
source = 'path+from-root-9A6BFB98DBD0352C'
dependencies = []

[[package]]
name = 'std'
source = 'path+from-root-9A6BFB98DBD0352C'
dependencies = ['library core']
