[[package]]
name = 'core'
source = 'git+https://github.com/FuelLabs/sway-lib-core?reference=master#c331ed20ebc9d646acec6b8ee8f408627ce3b573'
dependencies = []

[[package]]
name = 'std'
source = 'git+https://github.com/FuelLabs/sway-lib-std?reference=master#afb030ee9a5f7125a1b1a477acb5bf74bb99c1fd'
dependencies = ['core git+https://github.com/FuelLabs/sway-lib-core?reference=master#c331ed20ebc9d646acec6b8ee8f408627ce3b573']

[[package]]
name = 'xos_opcode'
dependencies = ['std git+https://github.com/FuelLabs/sway-lib-std?reference=master#afb030ee9a5f7125a1b1a477acb5bf74bb99c1fd']
