[[package]]
name = 'core'
source = 'path+from-root-5B109F800B9B533C'
dependencies = []
contract_dependencies = []

[[package]]
name = 'script_bytecode'
source = 'root'
dependencies = ['std']
contract_dependencies = []

[[package]]
name = 'std'
source = 'path+from-root-5B109F800B9B533C'
dependencies = ['core']
contract_dependencies = []
