[[package]]
name = 'core'
source = 'path+from-root-37E4B1588712FA61'
dependencies = []
contract_dependencies = []

[[package]]
name = 'std'
source = 'path+from-root-37E4B1588712FA61'
dependencies = ['core']
contract_dependencies = []

[[package]]
name = 'storage'
source = 'root'
dependencies = ['std']
contract_dependencies = []
