[[package]]
name = 'core'
source = 'path+from-root-CD761B243EFCCAC4'
dependencies = []
contract_dependencies = []

[[package]]
name = 'nested_structs'
source = 'root'
dependencies = ['std']
contract_dependencies = []

[[package]]
name = 'std'
source = 'path+from-root-CD761B243EFCCAC4'
dependencies = ['core']
contract_dependencies = []
