[[package]]
name = 'core'
source = 'git+http://github.com/FuelLabs/sway-lib-core?reference=master#c331ed20ebc9d646acec6b8ee8f408627ce3b573'
dependencies = []

[[package]]
name = 'nested_structs'
dependencies = ['std git+http://github.com/FuelLabs/sway-lib-std?reference=master#7081d2e1ac2401f22a0de0673e8a01535180ba3a']

[[package]]
name = 'std'
source = 'git+http://github.com/FuelLabs/sway-lib-std?reference=master#7081d2e1ac2401f22a0de0673e8a01535180ba3a'
dependencies = ['core git+http://github.com/FuelLabs/sway-lib-core?reference=master#c331ed20ebc9d646acec6b8ee8f408627ce3b573']
