[[package]]
name = 'core'
source = 'git+https://github.com/FuelLabs/sway-lib-core?branch=master#082bc8eb0616586ac0000825bfe6e9d47b0c713f'
dependencies = []

[[package]]
name = 'nested_structs'
dependencies = ['std git+https://github.com/FuelLabs/sway-lib-std?branch=master#3884e9bbadb7c2567700dae847017366629241d3']

[[package]]
name = 'std'
source = 'git+https://github.com/FuelLabs/sway-lib-std?branch=master#3884e9bbadb7c2567700dae847017366629241d3'
dependencies = ['core git+https://github.com/FuelLabs/sway-lib-core?branch=master#082bc8eb0616586ac0000825bfe6e9d47b0c713f']
