[[package]]
name = 'core'
source = 'path+from-root-C2C00FC9DC812272'
dependencies = []
contract_dependencies = []

[[package]]
name = 'fixing_generic_type'
source = 'root'
dependencies = ['std']
contract_dependencies = []

[[package]]
name = 'std'
source = 'path+from-root-C2C00FC9DC812272'
dependencies = ['core']
contract_dependencies = []
