[[package]]
name = 'bal_opcode'
source = 'root'
dependencies = [
    'library balance_test_abi',
    'library std',
]

[[package]]
name = 'balance_test_abi'
source = 'path+from-root-22833226E3BC014E'
dependencies = ['library core']

[[package]]
name = 'core'
source = 'path+from-root-22833226E3BC014E'
dependencies = []

[[package]]
name = 'std'
source = 'path+from-root-22833226E3BC014E'
dependencies = ['library core']
