[[package]]
name = 'bal_opcode'
source = 'root'
dependencies = [
    'balance_test_abi',
    'std',
]
contract_dependencies = []

[[package]]
name = 'balance_test_abi'
source = 'path+from-root-22833226E3BC014E'
dependencies = ['core']
contract_dependencies = []

[[package]]
name = 'core'
source = 'path+from-root-22833226E3BC014E'
dependencies = []
contract_dependencies = []

[[package]]
name = 'std'
source = 'path+from-root-22833226E3BC014E'
dependencies = ['core']
contract_dependencies = []
