[[package]]
name = 'core'
source = 'path+from-root-0CE46803927952E6'
dependencies = []
contract_dependencies = []

[[package]]
name = 'dependency_package_field'
source = 'root'
dependencies = ['(std-alt) std']
contract_dependencies = []

[[package]]
name = 'std'
source = 'path+from-root-0CE46803927952E6'
dependencies = ['core']
contract_dependencies = []
