[[package]]
name = "standards"
source = "git+https://github.com/FuelLabs/sway-standards?tag=v0.7.0#7d35df95e0b96dc8ad188ab169fbbeeac896aae8"
dependencies = ["std"]

[[package]]
name = "std"
source = "git+https://github.com/fuellabs/sway?tag=v0.67.0#d821dcb0c7edb1d6e2a772f5a1ccefe38902eaec"

[[package]]
name = "sway_libs"
source = "member"
dependencies = [
    "standards",
    "std",
]
