[[package]]
name = 'basic_storage_abi'
dependencies = []

[[package]]
name = 'call_basic_storage'
dependencies = [
    'basic_storage_abi',
    'std git+http://github.com/FuelLabs/sway-lib-std?reference=master#06b5bbbf6d04e25b510c960f7acb6e7ff3f2aed2',
]

[[package]]
name = 'core'
source = 'git+https://github.com/FuelLabs/sway-lib-core?reference=master#30274cf817c1848e28f984c2e8703eb25e7a3a44'
dependencies = []

[[package]]
name = 'std'
source = 'git+http://github.com/FuelLabs/sway-lib-std?reference=master#06b5bbbf6d04e25b510c960f7acb6e7ff3f2aed2'
dependencies = ['core git+https://github.com/FuelLabs/sway-lib-core?reference=master#30274cf817c1848e28f984c2e8703eb25e7a3a44']
