[[package]]
name = 'basic_storage_abi'
source = 'path+from-root-B0443BE7AC0A62F9'
dependencies = ['core']

[[package]]
name = 'call_basic_storage'
source = 'root'
dependencies = [
    'basic_storage_abi',
    'std',
]

[[package]]
name = 'core'
source = 'path+from-root-B0443BE7AC0A62F9'
dependencies = []

[[package]]
name = 'std'
source = 'path+from-root-B0443BE7AC0A62F9'
dependencies = ['core']
