[[package]]
name = 'basic_storage_abi'
source = 'path+from-root-B0443BE7AC0A62F9'
dependencies = ['library core']

[[package]]
name = 'call_basic_storage'
source = 'root'
dependencies = [
    'library basic_storage_abi',
    'library std',
]

[[package]]
name = 'core'
source = 'path+from-root-B0443BE7AC0A62F9'
dependencies = []

[[package]]
name = 'std'
source = 'path+from-root-B0443BE7AC0A62F9'
dependencies = ['library core']
