[[package]]
name = 'call_frames'
source = 'root'
dependencies = [
    'call_frames_test_abi',
    'std',
]

[[package]]
name = 'call_frames_test_abi'
source = 'path+from-root-E8321A5D38B55E37'
dependencies = ['std']

[[package]]
name = 'core'
source = 'path+from-root-E8321A5D38B55E37'

[[package]]
name = 'std'
source = 'path+from-root-E8321A5D38B55E37'
dependencies = ['core']
