[[package]]
name = 'call_frames'
source = 'root'
dependencies = [
    'library call_frames_test_abi',
    'library std',
]

[[package]]
name = 'call_frames_test_abi'
source = 'path+from-root-E8321A5D38B55E37'
dependencies = ['library std']

[[package]]
name = 'core'
source = 'path+from-root-E8321A5D38B55E37'
dependencies = []

[[package]]
name = 'std'
source = 'path+from-root-E8321A5D38B55E37'
dependencies = ['library core']
