[[package]]
name = 'array'
source = 'root'
dependencies = ['std']

[[package]]
name = 'core'
source = 'path+from-root-087D5D776F294F03'
dependencies = ['core_utils']

[[package]]
name = 'core_utils'
source = 'path+from-root-087D5D776F294F03'
dependencies = []

[[package]]
name = 'std'
source = 'path+from-root-087D5D776F294F03'
dependencies = [
    'core',
    'core_utils',
]
