[[package]]
name = 'core'
source = 'path+from-root-E6A0C4C40B2C3193'
dependencies = []
contract_dependencies = []

[[package]]
name = 'std'
source = 'path+from-root-E6A0C4C40B2C3193'
dependencies = ['core']
contract_dependencies = []

[[package]]
name = 'storage_map'
source = 'root'
dependencies = ['std']
contract_dependencies = []
