[[package]]
name = 'core'
source = 'path+from-root-6B3FD71CFD9E5DB8'
dependencies = []
contract_dependencies = []

[[package]]
name = 'std'
source = 'path+from-root-6B3FD71CFD9E5DB8'
dependencies = ['core']
contract_dependencies = []

[[package]]
name = 'while_loops'
source = 'root'
dependencies = ['std']
contract_dependencies = []
