[[package]]
name = 'contract_id_test'
dependencies = ['std git+https://github.com/FuelLabs/sway-lib-std?reference=master#247270e7d8911e754a989b2fe280c462605ae2f6']

[[package]]
name = 'core'
source = 'git+https://github.com/FuelLabs/sway-lib-core?reference=master#c331ed20ebc9d646acec6b8ee8f408627ce3b573'
dependencies = []

[[package]]
name = 'std'
source = 'git+https://github.com/FuelLabs/sway-lib-std?reference=master#247270e7d8911e754a989b2fe280c462605ae2f6'
dependencies = ['core git+https://github.com/FuelLabs/sway-lib-core?reference=master#c331ed20ebc9d646acec6b8ee8f408627ce3b573']
