[[package]]
name = "advanced_storage_variables"
source = "member"
dependencies = ["std"]

[[package]]
name = "array"
source = "member"
dependencies = ["std"]

[[package]]
name = "asm_return_tuple_pointer"
source = "member"
dependencies = ["std"]

[[package]]
name = "basic_storage_variables"
source = "member"
dependencies = ["std"]

[[package]]
name = "break_and_continue"
source = "member"
dependencies = ["std"]

[[package]]
name = "cei_analysis"
source = "member"
dependencies = ["std"]

[[package]]
name = "configurable_constants"
source = "member"
dependencies = ["std"]

[[package]]
name = "converting_types"
source = "member"
dependencies = ["std"]

[[package]]
name = "counter"
source = "member"
dependencies = ["std"]

[[package]]
name = "enums"
source = "member"

[[package]]
name = "fizzbuzz"
source = "member"
dependencies = ["std"]

[[package]]
name = "hashing"
source = "member"
dependencies = ["std"]

[[package]]
name = "identity"
source = "member"
dependencies = ["std"]

[[package]]
name = "implementation"
source = "member"
dependencies = ["std"]

[[package]]
name = "liquidity_pool"
source = "member"
dependencies = ["std"]

[[package]]
name = "match_expressions"
source = "member"
dependencies = ["std"]

[[package]]
name = "methods_and_associated_functions"
source = "member"
dependencies = ["std"]

[[package]]
name = "msg_sender"
source = "member"
dependencies = ["std"]

[[package]]
name = "mut_ref_params"
source = "member"
dependencies = ["std"]

[[package]]
name = "native_asset"
source = "member"
dependencies = ["std"]

[[package]]
name = "nested_storage_variables"
source = "member"
dependencies = ["std"]

[[package]]
name = "option"
source = "member"
dependencies = ["std"]

[[package]]
name = "ownership"
source = "member"
dependencies = ["std"]

[[package]]
name = "proxy"
source = "member"
dependencies = ["std"]

[[package]]
name = "result"
source = "member"
dependencies = ["std"]

[[package]]
name = "signatures"
source = "member"
dependencies = ["std"]

[[package]]
name = "std"
source = "path+from-root-70EE78029FACCEF1"

[[package]]
name = "storage_example"
source = "member"
dependencies = ["std"]

[[package]]
name = "storage_map"
source = "member"
dependencies = ["std"]

[[package]]
name = "storage_vec"
source = "member"
dependencies = ["std"]

[[package]]
name = "struct_storage_variables"
source = "member"
dependencies = ["std"]

[[package]]
name = "structs"
source = "member"

[[package]]
name = "time"
source = "member"
dependencies = ["std"]

[[package]]
name = "tuples"
source = "member"

[[package]]
name = "type_aliases"
source = "member"
dependencies = ["std"]

[[package]]
name = "vec"
source = "member"
dependencies = ["std"]

[[package]]
name = "wallet_abi"
source = "member"
dependencies = ["std"]

[[package]]
name = "wallet_contract_caller_script"
source = "member"
dependencies = [
    "std",
    "wallet_abi",
]

[[package]]
name = "wallet_smart_contract"
source = "member"
dependencies = [
    "std",
    "wallet_abi",
]

[[package]]
name = "wallet_smart_contract_self_impl"
source = "member"
dependencies = ["std"]
