[[package]]
name = "abi_supertraits"
source = "member"

[[package]]
name = "advanced_storage_variables"
source = "member"
dependencies = ["std path+from-root-70EE78029FACCEF1"]

[[package]]
name = "array"
source = "member"
dependencies = ["std path+from-root-70EE78029FACCEF1"]

[[package]]
name = "asm_return_tuple_pointer"
source = "member"
dependencies = ["std path+from-root-70EE78029FACCEF1"]

[[package]]
name = "basic_storage_variables"
source = "member"
dependencies = ["std path+from-root-70EE78029FACCEF1"]

[[package]]
name = "break_and_continue"
source = "member"
dependencies = ["core path+from-root-70EE78029FACCEF1"]

[[package]]
name = "cei_analysis"
source = "member"
dependencies = ["std path+from-root-70EE78029FACCEF1"]

[[package]]
name = "configurable_constants"
source = "member"

[[package]]
name = "converting_types"
source = "member"
dependencies = ["std path+from-root-70EE78029FACCEF1"]

[[package]]
name = "core"
source = "path+from-root-70EE78029FACCEF1"

[[package]]
name = "core"
source = "path+from-root-9889F771D40C5D34"

[[package]]
name = "counter"
source = "member"
dependencies = ["std path+from-root-70EE78029FACCEF1"]

[[package]]
name = "enums"
source = "member"

[[package]]
name = "fizzbuzz"
source = "member"
dependencies = ["std path+from-root-70EE78029FACCEF1"]

[[package]]
name = "hashing"
source = "member"
dependencies = ["std path+from-root-70EE78029FACCEF1"]

[[package]]
name = "identity"
source = "member"
dependencies = ["std path+from-root-70EE78029FACCEF1"]

[[package]]
name = "implementation"
source = "member"
dependencies = ["std git+https://github.com/fuellabs/sway?tag=v0.53.0#b30f0e83d3f3d336007e3dfce45a48a87e731345"]

[[package]]
name = "liquidity_pool"
source = "member"
dependencies = ["std path+from-root-70EE78029FACCEF1"]

[[package]]
name = "match_expressions"
source = "member"
dependencies = ["std path+from-root-70EE78029FACCEF1"]

[[package]]
name = "methods_and_associated_functions"
source = "member"
dependencies = ["std path+from-root-70EE78029FACCEF1"]

[[package]]
name = "msg_sender"
source = "member"
dependencies = ["std path+from-root-70EE78029FACCEF1"]

[[package]]
name = "mut_ref_params"
source = "member"
dependencies = ["std path+from-root-70EE78029FACCEF1"]

[[package]]
name = "native_asset"
source = "member"
dependencies = ["std path+from-root-70EE78029FACCEF1"]

[[package]]
name = "nested_storage_variables"
source = "member"
dependencies = ["std path+from-root-70EE78029FACCEF1"]

[[package]]
name = "option"
source = "member"
dependencies = ["std path+from-root-70EE78029FACCEF1"]

[[package]]
name = "ownership"
source = "member"
dependencies = ["std path+from-root-70EE78029FACCEF1"]

[[package]]
name = "proxy"
source = "member"
dependencies = ["std git+https://github.com/fuellabs/sway?tag=v0.53.0#b30f0e83d3f3d336007e3dfce45a48a87e731345"]

[[package]]
name = "result"
source = "member"
dependencies = ["std path+from-root-70EE78029FACCEF1"]

[[package]]
name = "signatures"
source = "member"
dependencies = ["std path+from-root-70EE78029FACCEF1"]

[[package]]
name = "std"
source = "git+https://github.com/fuellabs/sway?tag=v0.53.0#b30f0e83d3f3d336007e3dfce45a48a87e731345"
dependencies = ["core path+from-root-9889F771D40C5D34"]

[[package]]
name = "std"
source = "path+from-root-70EE78029FACCEF1"
dependencies = ["core path+from-root-70EE78029FACCEF1"]

[[package]]
name = "storage_example"
source = "member"
dependencies = ["std path+from-root-70EE78029FACCEF1"]

[[package]]
name = "storage_map"
source = "member"
dependencies = ["std path+from-root-70EE78029FACCEF1"]

[[package]]
name = "storage_vec"
source = "member"
dependencies = ["std path+from-root-70EE78029FACCEF1"]

[[package]]
name = "struct_storage_variables"
source = "member"
dependencies = ["std path+from-root-70EE78029FACCEF1"]

[[package]]
name = "structs"
source = "member"

[[package]]
name = "tuples"
source = "member"

[[package]]
name = "type_aliases"
source = "member"
dependencies = ["std path+from-root-70EE78029FACCEF1"]

[[package]]
name = "vec"
source = "member"
dependencies = ["std path+from-root-70EE78029FACCEF1"]

[[package]]
name = "wallet_abi"
source = "member"
dependencies = ["std path+from-root-70EE78029FACCEF1"]

[[package]]
name = "wallet_contract_caller_script"
source = "member"
dependencies = [
    "std path+from-root-70EE78029FACCEF1",
    "wallet_abi",
]

[[package]]
name = "wallet_smart_contract"
source = "member"
dependencies = [
    "std path+from-root-70EE78029FACCEF1",
    "wallet_abi",
]
