[[package]]
name = 'core'
source = 'path+from-root-323E392CC41F43FA'
dependencies = []
contract_dependencies = []

[[package]]
name = 'std'
source = 'path+from-root-323E392CC41F43FA'
dependencies = ['core']
contract_dependencies = []

[[package]]
name = 'storage_access_abi'
source = 'path+from-root-323E392CC41F43FA'
dependencies = ['core']
contract_dependencies = []

[[package]]
name = 'storage_access_caller'
source = 'root'
dependencies = [
    'std',
    'storage_access_abi',
]
contract_dependencies = []
