[[package]]
name = "contract_use_gas"
source = "member"
dependencies = ["std"]

[[package]]
name = "core"
source = "path+from-root-7283DA7AEE32B288"

[[package]]
name = "std"
source = "git+https://github.com/FuelLabs/sway?tag=v0.66.7#5ed7cec6dbcd42f0c2f84df8511a4c0007b1902e"
dependencies = ["core"]
