[[package]]
name = 'auth_testing_abi'
source = 'path+from-root-F99221C76F6FEEFB'
dependencies = ['core']
contract_dependencies = []

[[package]]
name = 'caller_auth_test'
source = 'root'
dependencies = [
    'auth_testing_abi',
    'std',
]
contract_dependencies = []

[[package]]
name = 'core'
source = 'path+from-root-F99221C76F6FEEFB'
dependencies = []
contract_dependencies = []

[[package]]
name = 'std'
source = 'path+from-root-F99221C76F6FEEFB'
dependencies = ['core']
contract_dependencies = []
