[[package]]
name = 'core'
source = 'path+from-root-A627FA3EA4D62336'
dependencies = []
contract_dependencies = []

[[package]]
name = 'std'
source = 'path+from-root-A627FA3EA4D62336'
dependencies = ['core']
contract_dependencies = []

[[package]]
name = 'tx_contract'
source = 'root'
dependencies = ['std']
contract_dependencies = []
