[[package]]
name = 'core'
source = 'path+from-root-1D28A47FA12C061E'
dependencies = []
contract_dependencies = []

[[package]]
name = 'numeric_constants'
source = 'root'
dependencies = ['std']
contract_dependencies = []

[[package]]
name = 'std'
source = 'path+from-root-1D28A47FA12C061E'
dependencies = ['core']
contract_dependencies = []
