[[package]]
name = 'core'
source = 'path+from-root-56CBD671DED0A584'
dependencies = []

[[package]]
name = 'lsp_test_project'
source = 'root'
dependencies = ['std']

[[package]]
name = 'std'
source = 'git+https://github.com/fuellabs/sway?tag=v0.18.1#3bd8eaf4a0f11a3009c9421100cc06c2e897b6c2'
dependencies = ['core']
