[[package]]
name = 'core'
source = 'path+from-root-E8B33641BFB485A7'
dependencies = []
contract_dependencies = []

[[package]]
name = 'std'
source = 'path+from-root-E8B33641BFB485A7'
dependencies = ['core']
contract_dependencies = []

[[package]]
name = 'vec'
source = 'root'
dependencies = ['std']
contract_dependencies = []
