[[package]]
name = 'core'
source = 'path+from-root-38E071C478B5BD90'
dependencies = []
contract_dependencies = []

[[package]]
name = 'is_reference_type'
source = 'root'
dependencies = ['std']
contract_dependencies = []

[[package]]
name = 'std'
source = 'path+from-root-38E071C478B5BD90'
dependencies = ['core']
contract_dependencies = []
