[[package]]
name = 'core'
source = 'path+from-root-52B9F714BAB9BDCA'
dependencies = []
contract_dependencies = []

[[package]]
name = 'impl_with_bad_generic'
source = 'root'
dependencies = ['std']
contract_dependencies = []

[[package]]
name = 'std'
source = 'path+from-root-52B9F714BAB9BDCA'
dependencies = ['core']
contract_dependencies = []
