[[package]]
name = 'core'
source = 'git+http://github.com/FuelLabs/sway-lib-core?reference=master#c331ed20ebc9d646acec6b8ee8f408627ce3b573'
dependencies = []

[[package]]
name = 'std'
source = 'git+http://github.com/FuelLabs/sway-lib-std?reference=v0.2.0-beta1#eead9c9711e0b1e987abe3faf307822d4c03de6a'
dependencies = ['core git+http://github.com/FuelLabs/sway-lib-core?reference=master#c331ed20ebc9d646acec6b8ee8f408627ce3b573']

[[package]]
name = 'test_fuel_coin_abi'
dependencies = ['std git+http://github.com/FuelLabs/sway-lib-std?reference=v0.2.0-beta1#eead9c9711e0b1e987abe3faf307822d4c03de6a']

[[package]]
name = 'test_fuel_coin_contract'
dependencies = [
    'std git+http://github.com/FuelLabs/sway-lib-std?reference=v0.2.0-beta1#eead9c9711e0b1e987abe3faf307822d4c03de6a',
    'test_fuel_coin_abi',
]
