[[package]]
name = 'core'
source = 'path+from-root-E11027628D2FC8AD'
dependencies = ['core_utils']

[[package]]
name = 'core_utils'
source = 'path+from-root-E11027628D2FC8AD'
dependencies = []

[[package]]
name = 'std'
source = 'path+from-root-E11027628D2FC8AD'
dependencies = [
    'core',
    'core_utils',
]

[[package]]
name = 'wallet_smart_contract'
source = 'root'
dependencies = ['std']
