[[package]]
name = 'core'
source = 'path+from-root-84D18B0DDD7EC1D4'
dependencies = []
contract_dependencies = []

[[package]]
name = 'is_prime'
source = 'root'
dependencies = ['std']
contract_dependencies = []

[[package]]
name = 'std'
source = 'path+from-root-84D18B0DDD7EC1D4'
dependencies = ['core']
contract_dependencies = []
