[[package]]
name = 'core'
source = 'path+from-root-8301F3F92B005965'
dependencies = []

[[package]]
name = 'smo_opcode'
source = 'root'
dependencies = ['std']

[[package]]
name = 'std'
source = 'git+https://github.com/fuellabs/sway?tag=v0.16.2#7920330d34c97cf418b6d0e1561f978068158228'
dependencies = ['core']
