[[package]]
name = "array_of_structs_abi"
source = "path+from-root-1DC31120923A1AC6"
dependencies = [
    "core",
    "std",
]

[[package]]
name = "array_of_structs_contract"
source = "member"
dependencies = [
    "array_of_structs_abi",
    "core",
    "std",
]

[[package]]
name = "core"
source = "path+from-root-1DC31120923A1AC6"

[[package]]
name = "std"
source = "path+from-root-1DC31120923A1AC6"
dependencies = ["core"]
