[[package]]
name = 'core'
source = 'path+from-root-31441D12B1FE5745'
dependencies = []
contract_dependencies = []

[[package]]
name = 'exponentiation_test'
source = 'root'
dependencies = ['std']
contract_dependencies = []

[[package]]
name = 'std'
source = 'path+from-root-31441D12B1FE5745'
dependencies = ['core']
contract_dependencies = []
