[[package]]
name = 'array_of_structs_abi'
source = 'path+from-root-40616FC980A839AE'

[[package]]
name = 'array_of_structs_caller'
source = 'member'
dependencies = [
    'array_of_structs_abi',
    'std',
]

[[package]]
name = 'core'
source = 'path+from-root-40616FC980A839AE'

[[package]]
name = 'std'
source = 'path+from-root-40616FC980A839AE'
dependencies = ['core']
