[[package]]
name = 'core'
source = 'path+from-root-369A2B47EEBEB803'
dependencies = []
contract_dependencies = []

[[package]]
name = 'retd_b256'
source = 'root'
dependencies = ['std']
contract_dependencies = []

[[package]]
name = 'std'
source = 'path+from-root-369A2B47EEBEB803'
dependencies = ['core']
contract_dependencies = []
