[[package]]
name = "core"
source = "path+from-root-46AEB03027C9D04C"

[[package]]
name = "std"
source = "path+from-root-46AEB03027C9D04C"
dependencies = ["core"]

[[package]]
name = "storage_enum_abi"
source = "path+from-root-46AEB03027C9D04C"
dependencies = ["core"]

[[package]]
name = "storage_enum_contract"
source = "member"
dependencies = [
    "std",
    "storage_enum_abi",
]
