[[package]]
name = 'core'
source = 'path+from-root-C495CD5BD093FF32'
dependencies = []
contract_dependencies = []

[[package]]
name = 'ec_recover_and_match_predicate'
source = 'root'
dependencies = ['std']
contract_dependencies = []

[[package]]
name = 'std'
source = 'path+from-root-C495CD5BD093FF32'
dependencies = ['core']
contract_dependencies = []
