[[package]]
name = 'call_increment_contract'
source = 'root'
dependencies = [
    'library increment_abi',
    'library std',
]

[[package]]
name = 'core'
source = 'path+from-root-2711CA1D0E2938B8'
dependencies = []

[[package]]
name = 'increment_abi'
source = 'path+from-root-2711CA1D0E2938B8'
dependencies = ['library core']

[[package]]
name = 'std'
source = 'path+from-root-2711CA1D0E2938B8'
dependencies = ['library core']
