[[package]]
name = 'core'
source = 'path+from-root-F3A20BA79C738864'

[[package]]
name = 're_entrency'
source = 'member'
dependencies = [
    'reentrancy',
    'std',
]

[[package]]
name = 'reentrancy'
source = 'git+https://github.com/FuelLabs/sway-libs?tag=v0.6.0#e238aa410e01c5bdccfba1bfd9c86449f9aec832'
dependencies = ['std']

[[package]]
name = 'std'
source = 'git+https://github.com/fuellabs/sway?tag=v0.33.1#acd4c1e0fbdc406800a06c845430a80dd3560fcc'
dependencies = ['core']
