[[package]]
name = 'auth_testing_abi'
source = 'path+from-root-26340C23417C943C'
dependencies = ['library std']

[[package]]
name = 'auth_testing_contract'
source = 'root'
dependencies = [
    'library auth_testing_abi',
    'library std',
]

[[package]]
name = 'core'
source = 'path+from-root-26340C23417C943C'
dependencies = []

[[package]]
name = 'std'
source = 'path+from-root-26340C23417C943C'
dependencies = ['library core']
