[[package]]
name = 'auth_testing_abi'
source = 'path+from-root-26340C23417C943C'
dependencies = ['std']
contract_dependencies = []

[[package]]
name = 'auth_testing_contract'
source = 'root'
dependencies = [
    'auth_testing_abi',
    'std',
]
contract_dependencies = []

[[package]]
name = 'core'
source = 'path+from-root-26340C23417C943C'
dependencies = []
contract_dependencies = []

[[package]]
name = 'std'
source = 'path+from-root-26340C23417C943C'
dependencies = ['core']
contract_dependencies = []
