[[package]]
name = 'asm_expr_basic'
source = 'root'
dependencies = ['std']
contract_dependencies = []

[[package]]
name = 'core'
source = 'path+from-root-C1BABCC798F19F0B'
dependencies = []
contract_dependencies = []

[[package]]
name = 'std'
source = 'path+from-root-C1BABCC798F19F0B'
dependencies = ['core']
contract_dependencies = []
