[[package]]
name = 'context'
source = 'member'
dependencies = [
    'context_testing_abi',
    'std',
]

[[package]]
name = 'context_testing_abi'
source = 'path+from-root-F879D47D7CAE7172'
dependencies = ['std']

[[package]]
name = 'core'
source = 'path+from-root-F879D47D7CAE7172'

[[package]]
name = 'std'
source = 'path+from-root-F879D47D7CAE7172'
dependencies = ['core']
