[[package]]
name = 'aliased_imports'
source = 'root'
dependencies = ['std']
contract_dependencies = []

[[package]]
name = 'core'
source = 'path+from-root-2EBF01AEC6158688'
dependencies = []
contract_dependencies = []

[[package]]
name = 'std'
source = 'path+from-root-2EBF01AEC6158688'
dependencies = ['core']
contract_dependencies = []
