[[package]]
name = 'core'
source = 'path+from-root-B08F2781506278F6'
dependencies = []
contract_dependencies = []

[[package]]
name = 'std'
source = 'path+from-root-B08F2781506278F6'
dependencies = ['core']
contract_dependencies = []

[[package]]
name = 'u64_ops'
source = 'root'
dependencies = ['std']
contract_dependencies = []
