[[package]]
name = 'core'
source = 'path+from-root-B183794502AF314F'
dependencies = []
contract_dependencies = []

[[package]]
name = 'logging'
source = 'root'
dependencies = ['std']
contract_dependencies = []

[[package]]
name = 'std'
source = 'path+from-root-B183794502AF314F'
dependencies = ['core']
contract_dependencies = []
