[[package]]
name = "core"
source = "path+from-root-4D4735C41181917E"

[[package]]
name = "test_contract"
source = "member"
dependencies = [
    "core",
    "test_lib",
]

[[package]]
name = "test_lib"
source = "member"

[[package]]
name = "test_script"
source = "member"
dependencies = [
    "core",
    "test_lib",
]
contract-dependencies = ["test_contract"]
