[[package]]
name = 'core'
source = 'path+from-root-064254D1F5F62D46'

[[package]]
name = 'std'
source = 'git+https://github.com/fuellabs/sway?tag=v0.28.1#84f9aad376760cd9c8eacc8a4848bffeb25bf9a5'
dependencies = ['core']

[[package]]
name = 'test_contract'
source = 'root'
dependencies = [
    'std',
    'test_lib',
]

[[package]]
name = 'test_lib'
source = 'root'

[[package]]
name = 'test_script'
source = 'root'
dependencies = ['test_lib']
contract-dependencies = ['test_contract']
