[[package]]
name = "std"
source = "path+from-root-4D4735C41181917E"

[[package]]
name = "std"
source = "path+from-root-C9E1B0494AB5FDF1"

[[package]]
name = "test_contract"
source = "member"
dependencies = [
    "std path+from-root-4D4735C41181917E",
    "test_lib",
]

[[package]]
name = "test_lib"
source = "member"

[[package]]
name = "test_script"
source = "member"
dependencies = [
    "std path+from-root-C9E1B0494AB5FDF1",
    "test_lib",
]
contract-dependencies = ["test_contract"]
