[[package]]
name = 'call_contract_with_type_aliases'
source = 'member'
dependencies = [
    'contract_with_type_aliases_abi',
    'std',
]

[[package]]
name = 'contract_with_type_aliases_abi'
source = 'path+from-root-D10E4C231B4FF7BF'
dependencies = ['std']

[[package]]
name = 'core'
source = 'path+from-root-D10E4C231B4FF7BF'

[[package]]
name = 'std'
source = 'path+from-root-D10E4C231B4FF7BF'
dependencies = ['core']
