[[package]]
name = 'core'
source = 'path+from-root-01AD8BAA4D5BF6C3'
dependencies = []

[[package]]
name = 'interface'
source = 'path+from-root-E0AFC123F6E10331'
dependencies = ['std']

[[package]]
name = 'std'
source = 'git+https://github.com/fuellabs/sway?tag=v0.24.4#f7800e18979dd8e4c8d672b8e7aae1758c2edb88'
dependencies = ['core']

[[package]]
name = 'wallet'
source = 'root'
dependencies = [
    'interface',
    'std',
]
