[[package]]
name = 'core'
source = 'path+from-root-237819BD98C87E84'
dependencies = ['core_utils']

[[package]]
name = 'core_utils'
source = 'path+from-root-237819BD98C87E84'
dependencies = []

[[package]]
name = 'std'
source = 'path+from-root-237819BD98C87E84'
dependencies = [
    'core',
    'core_utils',
]

[[package]]
name = 'subcurrency'
source = 'root'
dependencies = ['std']
