[[package]]
name = 'core'
source = 'path+from-root-F836694FA318B000'
dependencies = []
contract_dependencies = []

[[package]]
name = 'std'
source = 'path+from-root-F836694FA318B000'
dependencies = ['core']
contract_dependencies = []

[[package]]
name = 'std_alloc_test'
source = 'root'
dependencies = ['std']
contract_dependencies = []
