[[package]]
name = 'core'
source = 'path+from-root-CFF67A76EFE9D821'
dependencies = []

[[package]]
name = 'method_type_args_sound'
source = 'root'
dependencies = ['std']

[[package]]
name = 'std'
source = 'git+https://github.com/fuellabs/sway?tag=v0.25.1#cc9740bea1438cdde7f15fa0d0c2eba705b6aef1'
dependencies = ['core']
