[[package]]
name = 'core'
source = 'path+from-root-454A4726DFB746F1'
dependencies = []
contract_dependencies = []

[[package]]
name = 'nested_while_and_if'
source = 'root'
dependencies = ['std']
contract_dependencies = []

[[package]]
name = 'std'
source = 'path+from-root-454A4726DFB746F1'
dependencies = ['core']
contract_dependencies = []
